
Microsoft Visual Studio Solution File, Format Version 12.00
# Visual Studio 15
VisualStudioVersion = 15.0.28307.645
MinimumVisualStudioVersion = 10.0.40219.1
Project("{FAE04EC0-301F-11D3-BF4B-00C04F79EFBC}") = "Practice", "Practice\Practice.csproj", "{126454C3-C4F3-41CB-B05F-7138ECF13DA9}"
EndProject
Project("{FAE04EC0-301F-11D3-BF4B-00C04F79EFBC}") = "Task_1", "Task_1\Task_1.csproj", "{50A4930C-C993-4D39-9AFD-C4C2012BB4B8}"
EndProject
Project("{FAE04EC0-301F-11D3-BF4B-00C04F79EFBC}") = "Task_2", "Task_2\Task_2.csproj", "{390FD1F0-5D16-44E5-9C51-6CC1E62794B3}"
EndProject
Project("{FAE04EC0-301F-11D3-BF4B-00C04F79EFBC}") = "Task_3", "Task_3\Task_3.csproj", "{7F60B93F-366A-4F3D-8D9A-BE026D7A2EF2}"
EndProject
Project("{FAE04EC0-301F-11D3-BF4B-00C04F79EFBC}") = "Task_4", "Task_4\Task_4.csproj", "{B74001FA-DC7D-4E43-9FDD-9A587EA2550A}"
EndProject
Project("{FAE04EC0-301F-11D3-BF4B-00C04F79EFBC}") = "Task_5", "Task_5\Task_5.csproj", "{B31C259B-8629-4418-B314-45629A580EC3}"
EndProject
Global
	GlobalSection(SolutionConfigurationPlatforms) = preSolution
		Debug|Any CPU = Debug|Any CPU
		Release|Any CPU = Release|Any CPU
	EndGlobalSection
	GlobalSection(ProjectConfigurationPlatforms) = postSolution
		{126454C3-C4F3-41CB-B05F-7138ECF13DA9}.Debug|Any CPU.ActiveCfg = Debug|Any CPU
		{126454C3-C4F3-41CB-B05F-7138ECF13DA9}.Debug|Any CPU.Build.0 = Debug|Any CPU
		{126454C3-C4F3-41CB-B05F-7138ECF13DA9}.Release|Any CPU.ActiveCfg = Release|Any CPU
		{126454C3-C4F3-41CB-B05F-7138ECF13DA9}.Release|Any CPU.Build.0 = Release|Any CPU
		{50A4930C-C993-4D39-9AFD-C4C2012BB4B8}.Debug|Any CPU.ActiveCfg = Debug|Any CPU
		{50A4930C-C993-4D39-9AFD-C4C2012BB4B8}.Debug|Any CPU.Build.0 = Debug|Any CPU
		{50A4930C-C993-4D39-9AFD-C4C2012BB4B8}.Release|Any CPU.ActiveCfg = Release|Any CPU
		{50A4930C-C993-4D39-9AFD-C4C2012BB4B8}.Release|Any CPU.Build.0 = Release|Any CPU
		{390FD1F0-5D16-44E5-9C51-6CC1E62794B3}.Debug|Any CPU.ActiveCfg = Debug|Any CPU
		{390FD1F0-5D16-44E5-9C51-6CC1E62794B3}.Debug|Any CPU.Build.0 = Debug|Any CPU
		{390FD1F0-5D16-44E5-9C51-6CC1E62794B3}.Release|Any CPU.ActiveCfg = Release|Any CPU
		{390FD1F0-5D16-44E5-9C51-6CC1E62794B3}.Release|Any CPU.Build.0 = Release|Any CPU
		{7F60B93F-366A-4F3D-8D9A-BE026D7A2EF2}.Debug|Any CPU.ActiveCfg = Debug|Any CPU
		{7F60B93F-366A-4F3D-8D9A-BE026D7A2EF2}.Debug|Any CPU.Build.0 = Debug|Any CPU
		{7F60B93F-366A-4F3D-8D9A-BE026D7A2EF2}.Release|Any CPU.ActiveCfg = Release|Any CPU
		{7F60B93F-366A-4F3D-8D9A-BE026D7A2EF2}.Release|Any CPU.Build.0 = Release|Any CPU
		{B74001FA-DC7D-4E43-9FDD-9A587EA2550A}.Debug|Any CPU.ActiveCfg = Debug|Any CPU
		{B74001FA-DC7D-4E43-9FDD-9A587EA2550A}.Debug|Any CPU.Build.0 = Debug|Any CPU
		{B74001FA-DC7D-4E43-9FDD-9A587EA2550A}.Release|Any CPU.ActiveCfg = Release|Any CPU
		{B74001FA-DC7D-4E43-9FDD-9A587EA2550A}.Release|Any CPU.Build.0 = Release|Any CPU
		{B31C259B-8629-4418-B314-45629A580EC3}.Debug|Any CPU.ActiveCfg = Debug|Any CPU
		{B31C259B-8629-4418-B314-45629A580EC3}.Debug|Any CPU.Build.0 = Debug|Any CPU
		{B31C259B-8629-4418-B314-45629A580EC3}.Release|Any CPU.ActiveCfg = Release|Any CPU
		{B31C259B-8629-4418-B314-45629A580EC3}.Release|Any CPU.Build.0 = Release|Any CPU
	EndGlobalSection
	GlobalSection(SolutionProperties) = preSolution
		HideSolutionNode = FALSE
	EndGlobalSection
	GlobalSection(ExtensibilityGlobals) = postSolution
		SolutionGuid = {8A24F0F8-20C0-44E7-BFF0-A596AC24A632}
	EndGlobalSection
EndGlobal
