
Microsoft Visual Studio Solution File, Format Version 12.00
# Visual Studio 15
VisualStudioVersion = 15.0.28307.645
MinimumVisualStudioVersion = 10.0.40219.1
Project("{FAE04EC0-301F-11D3-BF4B-00C04F79EFBC}") = "Practice", "Practice\Practice.csproj", "{126454C3-C4F3-41CB-B05F-7138ECF13DA9}"
EndProject
Project("{FAE04EC0-301F-11D3-BF4B-00C04F79EFBC}") = "Task_1", "Task_1\Task_1.csproj", "{3ACE6144-966B-4A61-9021-2BCFFC51C0F6}"
EndProject
Project("{FAE04EC0-301F-11D3-BF4B-00C04F79EFBC}") = "Task_2", "Task_2\Task_2.csproj", "{9CAF53AD-0179-4383-B2DD-368CB5D3D8F9}"
EndProject
Project("{FAE04EC0-301F-11D3-BF4B-00C04F79EFBC}") = "Task_3", "Task_3\Task_3.csproj", "{4714AC59-FD19-4BBF-8C6F-E41BCAACCE86}"
EndProject
Project("{FAE04EC0-301F-11D3-BF4B-00C04F79EFBC}") = "Task_4", "Task_4\Task_4.csproj", "{E3777B47-9633-428D-B1A3-4EBC30CC58F3}"
EndProject
Project("{FAE04EC0-301F-11D3-BF4B-00C04F79EFBC}") = "Task_5", "Task_5\Task_5.csproj", "{7E258093-2872-4BAD-8781-ED7F0C0CD909}"
EndProject
Project("{FAE04EC0-301F-11D3-BF4B-00C04F79EFBC}") = "Task_6", "Task_6\Task_6.csproj", "{E7C19F5B-F577-4C7B-8049-2F95FE3A5BC1}"
EndProject
Project("{FAE04EC0-301F-11D3-BF4B-00C04F79EFBC}") = "Task_7", "Task_7\Task_7.csproj", "{319D44FF-391E-43A2-BB6C-D8C2153EE477}"
EndProject
Project("{FAE04EC0-301F-11D3-BF4B-00C04F79EFBC}") = "Task_8", "Task_8\Task_8.csproj", "{2D6FD005-4112-408A-AA9B-ACA2905374A7}"
EndProject
Global
	GlobalSection(SolutionConfigurationPlatforms) = preSolution
		Debug|Any CPU = Debug|Any CPU
		Release|Any CPU = Release|Any CPU
	EndGlobalSection
	GlobalSection(ProjectConfigurationPlatforms) = postSolution
		{126454C3-C4F3-41CB-B05F-7138ECF13DA9}.Debug|Any CPU.ActiveCfg = Debug|Any CPU
		{126454C3-C4F3-41CB-B05F-7138ECF13DA9}.Debug|Any CPU.Build.0 = Debug|Any CPU
		{126454C3-C4F3-41CB-B05F-7138ECF13DA9}.Release|Any CPU.ActiveCfg = Release|Any CPU
		{126454C3-C4F3-41CB-B05F-7138ECF13DA9}.Release|Any CPU.Build.0 = Release|Any CPU
		{3ACE6144-966B-4A61-9021-2BCFFC51C0F6}.Debug|Any CPU.ActiveCfg = Debug|Any CPU
		{3ACE6144-966B-4A61-9021-2BCFFC51C0F6}.Debug|Any CPU.Build.0 = Debug|Any CPU
		{3ACE6144-966B-4A61-9021-2BCFFC51C0F6}.Release|Any CPU.ActiveCfg = Release|Any CPU
		{3ACE6144-966B-4A61-9021-2BCFFC51C0F6}.Release|Any CPU.Build.0 = Release|Any CPU
		{9CAF53AD-0179-4383-B2DD-368CB5D3D8F9}.Debug|Any CPU.ActiveCfg = Debug|Any CPU
		{9CAF53AD-0179-4383-B2DD-368CB5D3D8F9}.Debug|Any CPU.Build.0 = Debug|Any CPU
		{9CAF53AD-0179-4383-B2DD-368CB5D3D8F9}.Release|Any CPU.ActiveCfg = Release|Any CPU
		{9CAF53AD-0179-4383-B2DD-368CB5D3D8F9}.Release|Any CPU.Build.0 = Release|Any CPU
		{4714AC59-FD19-4BBF-8C6F-E41BCAACCE86}.Debug|Any CPU.ActiveCfg = Debug|Any CPU
		{4714AC59-FD19-4BBF-8C6F-E41BCAACCE86}.Debug|Any CPU.Build.0 = Debug|Any CPU
		{4714AC59-FD19-4BBF-8C6F-E41BCAACCE86}.Release|Any CPU.ActiveCfg = Release|Any CPU
		{4714AC59-FD19-4BBF-8C6F-E41BCAACCE86}.Release|Any CPU.Build.0 = Release|Any CPU
		{E3777B47-9633-428D-B1A3-4EBC30CC58F3}.Debug|Any CPU.ActiveCfg = Debug|Any CPU
		{E3777B47-9633-428D-B1A3-4EBC30CC58F3}.Debug|Any CPU.Build.0 = Debug|Any CPU
		{E3777B47-9633-428D-B1A3-4EBC30CC58F3}.Release|Any CPU.ActiveCfg = Release|Any CPU
		{E3777B47-9633-428D-B1A3-4EBC30CC58F3}.Release|Any CPU.Build.0 = Release|Any CPU
		{7E258093-2872-4BAD-8781-ED7F0C0CD909}.Debug|Any CPU.ActiveCfg = Debug|Any CPU
		{7E258093-2872-4BAD-8781-ED7F0C0CD909}.Debug|Any CPU.Build.0 = Debug|Any CPU
		{7E258093-2872-4BAD-8781-ED7F0C0CD909}.Release|Any CPU.ActiveCfg = Release|Any CPU
		{7E258093-2872-4BAD-8781-ED7F0C0CD909}.Release|Any CPU.Build.0 = Release|Any CPU
		{E7C19F5B-F577-4C7B-8049-2F95FE3A5BC1}.Debug|Any CPU.ActiveCfg = Debug|Any CPU
		{E7C19F5B-F577-4C7B-8049-2F95FE3A5BC1}.Debug|Any CPU.Build.0 = Debug|Any CPU
		{E7C19F5B-F577-4C7B-8049-2F95FE3A5BC1}.Release|Any CPU.ActiveCfg = Release|Any CPU
		{E7C19F5B-F577-4C7B-8049-2F95FE3A5BC1}.Release|Any CPU.Build.0 = Release|Any CPU
		{319D44FF-391E-43A2-BB6C-D8C2153EE477}.Debug|Any CPU.ActiveCfg = Debug|Any CPU
		{319D44FF-391E-43A2-BB6C-D8C2153EE477}.Debug|Any CPU.Build.0 = Debug|Any CPU
		{319D44FF-391E-43A2-BB6C-D8C2153EE477}.Release|Any CPU.ActiveCfg = Release|Any CPU
		{319D44FF-391E-43A2-BB6C-D8C2153EE477}.Release|Any CPU.Build.0 = Release|Any CPU
		{2D6FD005-4112-408A-AA9B-ACA2905374A7}.Debug|Any CPU.ActiveCfg = Debug|Any CPU
		{2D6FD005-4112-408A-AA9B-ACA2905374A7}.Debug|Any CPU.Build.0 = Debug|Any CPU
		{2D6FD005-4112-408A-AA9B-ACA2905374A7}.Release|Any CPU.ActiveCfg = Release|Any CPU
		{2D6FD005-4112-408A-AA9B-ACA2905374A7}.Release|Any CPU.Build.0 = Release|Any CPU
	EndGlobalSection
	GlobalSection(SolutionProperties) = preSolution
		HideSolutionNode = FALSE
	EndGlobalSection
	GlobalSection(ExtensibilityGlobals) = postSolution
		SolutionGuid = {8A24F0F8-20C0-44E7-BFF0-A596AC24A632}
	EndGlobalSection
EndGlobal
